
Microsoft Visual Studio Solution File, Format Version 12.00
# Visual Studio Version 17
VisualStudioVersion = 17.10.34928.147
MinimumVisualStudioVersion = 10.0.40219.1
Project("{8BC9CEB8-8B4A-11D0-8D11-00A0C91BC942}") = "Sum_24_Diego_Cordova", "Sum_24_Diego_Cordova\Sum_24_Diego_Cordova.vcxproj", "{09448542-5957-4FEC-8D9D-297E3F0416F2}"
EndProject
Project("{8BC9CEB8-8B4A-11D0-8D11-00A0C91BC942}") = "Dino", "Dino\Dino.vcxproj", "{189FA2E7-6B0C-4247-BDCA-66D799CBFAE7}"
EndProject
Project("{8BC9CEB8-8B4A-11D0-8D11-00A0C91BC942}") = "glfw", "build_glfw\src\glfw.vcxproj", "{E121DD86-4444-3CC0-B53E-E19F48110F16}"
EndProject
Project("{8BC9CEB8-8B4A-11D0-8D11-00A0C91BC942}") = "glad", "glad\glad.vcxproj", "{645F8C13-2634-48F0-A8AE-588B64521483}"
EndProject
Project("{8BC9CEB8-8B4A-11D0-8D11-00A0C91BC942}") = "stbi", "stbi\stbi.vcxproj", "{9630FF47-A6CA-4BDB-8A38-C7D00B1C2AD7}"
EndProject
Global
	GlobalSection(SolutionConfigurationPlatforms) = preSolution
		Debug|x64 = Debug|x64
		Debug|x86 = Debug|x86
		MinSizeRel|x64 = MinSizeRel|x64
		MinSizeRel|x86 = MinSizeRel|x86
		Release|x64 = Release|x64
		Release|x86 = Release|x86
		RelWithDebInfo|x64 = RelWithDebInfo|x64
		RelWithDebInfo|x86 = RelWithDebInfo|x86
	EndGlobalSection
	GlobalSection(ProjectConfigurationPlatforms) = postSolution
		{09448542-5957-4FEC-8D9D-297E3F0416F2}.Debug|x64.ActiveCfg = Debug|x64
		{09448542-5957-4FEC-8D9D-297E3F0416F2}.Debug|x64.Build.0 = Debug|x64
		{09448542-5957-4FEC-8D9D-297E3F0416F2}.Debug|x86.ActiveCfg = Debug|Win32
		{09448542-5957-4FEC-8D9D-297E3F0416F2}.Debug|x86.Build.0 = Debug|Win32
		{09448542-5957-4FEC-8D9D-297E3F0416F2}.MinSizeRel|x64.ActiveCfg = Release|x64
		{09448542-5957-4FEC-8D9D-297E3F0416F2}.MinSizeRel|x64.Build.0 = Release|x64
		{09448542-5957-4FEC-8D9D-297E3F0416F2}.MinSizeRel|x86.ActiveCfg = Release|Win32
		{09448542-5957-4FEC-8D9D-297E3F0416F2}.MinSizeRel|x86.Build.0 = Release|Win32
		{09448542-5957-4FEC-8D9D-297E3F0416F2}.Release|x64.ActiveCfg = Release|x64
		{09448542-5957-4FEC-8D9D-297E3F0416F2}.Release|x64.Build.0 = Release|x64
		{09448542-5957-4FEC-8D9D-297E3F0416F2}.Release|x86.ActiveCfg = Release|Win32
		{09448542-5957-4FEC-8D9D-297E3F0416F2}.Release|x86.Build.0 = Release|Win32
		{09448542-5957-4FEC-8D9D-297E3F0416F2}.RelWithDebInfo|x64.ActiveCfg = Release|x64
		{09448542-5957-4FEC-8D9D-297E3F0416F2}.RelWithDebInfo|x64.Build.0 = Release|x64
		{09448542-5957-4FEC-8D9D-297E3F0416F2}.RelWithDebInfo|x86.ActiveCfg = Release|Win32
		{09448542-5957-4FEC-8D9D-297E3F0416F2}.RelWithDebInfo|x86.Build.0 = Release|Win32
		{189FA2E7-6B0C-4247-BDCA-66D799CBFAE7}.Debug|x64.ActiveCfg = Debug|x64
		{189FA2E7-6B0C-4247-BDCA-66D799CBFAE7}.Debug|x64.Build.0 = Debug|x64
		{189FA2E7-6B0C-4247-BDCA-66D799CBFAE7}.Debug|x86.ActiveCfg = Debug|Win32
		{189FA2E7-6B0C-4247-BDCA-66D799CBFAE7}.Debug|x86.Build.0 = Debug|Win32
		{189FA2E7-6B0C-4247-BDCA-66D799CBFAE7}.MinSizeRel|x64.ActiveCfg = Release|x64
		{189FA2E7-6B0C-4247-BDCA-66D799CBFAE7}.MinSizeRel|x64.Build.0 = Release|x64
		{189FA2E7-6B0C-4247-BDCA-66D799CBFAE7}.MinSizeRel|x86.ActiveCfg = Release|Win32
		{189FA2E7-6B0C-4247-BDCA-66D799CBFAE7}.MinSizeRel|x86.Build.0 = Release|Win32
		{189FA2E7-6B0C-4247-BDCA-66D799CBFAE7}.Release|x64.ActiveCfg = Release|x64
		{189FA2E7-6B0C-4247-BDCA-66D799CBFAE7}.Release|x64.Build.0 = Release|x64
		{189FA2E7-6B0C-4247-BDCA-66D799CBFAE7}.Release|x86.ActiveCfg = Release|Win32
		{189FA2E7-6B0C-4247-BDCA-66D799CBFAE7}.Release|x86.Build.0 = Release|Win32
		{189FA2E7-6B0C-4247-BDCA-66D799CBFAE7}.RelWithDebInfo|x64.ActiveCfg = Release|x64
		{189FA2E7-6B0C-4247-BDCA-66D799CBFAE7}.RelWithDebInfo|x64.Build.0 = Release|x64
		{189FA2E7-6B0C-4247-BDCA-66D799CBFAE7}.RelWithDebInfo|x86.ActiveCfg = Release|Win32
		{189FA2E7-6B0C-4247-BDCA-66D799CBFAE7}.RelWithDebInfo|x86.Build.0 = Release|Win32
		{E121DD86-4444-3CC0-B53E-E19F48110F16}.Debug|x64.ActiveCfg = Debug|x64
		{E121DD86-4444-3CC0-B53E-E19F48110F16}.Debug|x64.Build.0 = Debug|x64
		{E121DD86-4444-3CC0-B53E-E19F48110F16}.Debug|x86.ActiveCfg = Debug|x64
		{E121DD86-4444-3CC0-B53E-E19F48110F16}.Debug|x86.Build.0 = Debug|x64
		{E121DD86-4444-3CC0-B53E-E19F48110F16}.MinSizeRel|x64.ActiveCfg = MinSizeRel|x64
		{E121DD86-4444-3CC0-B53E-E19F48110F16}.MinSizeRel|x64.Build.0 = MinSizeRel|x64
		{E121DD86-4444-3CC0-B53E-E19F48110F16}.MinSizeRel|x86.ActiveCfg = MinSizeRel|x64
		{E121DD86-4444-3CC0-B53E-E19F48110F16}.MinSizeRel|x86.Build.0 = MinSizeRel|x64
		{E121DD86-4444-3CC0-B53E-E19F48110F16}.Release|x64.ActiveCfg = Release|x64
		{E121DD86-4444-3CC0-B53E-E19F48110F16}.Release|x64.Build.0 = Release|x64
		{E121DD86-4444-3CC0-B53E-E19F48110F16}.Release|x86.ActiveCfg = Release|x64
		{E121DD86-4444-3CC0-B53E-E19F48110F16}.Release|x86.Build.0 = Release|x64
		{E121DD86-4444-3CC0-B53E-E19F48110F16}.RelWithDebInfo|x64.ActiveCfg = RelWithDebInfo|x64
		{E121DD86-4444-3CC0-B53E-E19F48110F16}.RelWithDebInfo|x64.Build.0 = RelWithDebInfo|x64
		{E121DD86-4444-3CC0-B53E-E19F48110F16}.RelWithDebInfo|x86.ActiveCfg = RelWithDebInfo|x64
		{E121DD86-4444-3CC0-B53E-E19F48110F16}.RelWithDebInfo|x86.Build.0 = RelWithDebInfo|x64
		{645F8C13-2634-48F0-A8AE-588B64521483}.Debug|x64.ActiveCfg = Debug|x64
		{645F8C13-2634-48F0-A8AE-588B64521483}.Debug|x64.Build.0 = Debug|x64
		{645F8C13-2634-48F0-A8AE-588B64521483}.Debug|x86.ActiveCfg = Debug|Win32
		{645F8C13-2634-48F0-A8AE-588B64521483}.Debug|x86.Build.0 = Debug|Win32
		{645F8C13-2634-48F0-A8AE-588B64521483}.MinSizeRel|x64.ActiveCfg = Debug|x64
		{645F8C13-2634-48F0-A8AE-588B64521483}.MinSizeRel|x64.Build.0 = Debug|x64
		{645F8C13-2634-48F0-A8AE-588B64521483}.MinSizeRel|x86.ActiveCfg = Debug|Win32
		{645F8C13-2634-48F0-A8AE-588B64521483}.MinSizeRel|x86.Build.0 = Debug|Win32
		{645F8C13-2634-48F0-A8AE-588B64521483}.Release|x64.ActiveCfg = Release|x64
		{645F8C13-2634-48F0-A8AE-588B64521483}.Release|x64.Build.0 = Release|x64
		{645F8C13-2634-48F0-A8AE-588B64521483}.Release|x86.ActiveCfg = Release|Win32
		{645F8C13-2634-48F0-A8AE-588B64521483}.Release|x86.Build.0 = Release|Win32
		{645F8C13-2634-48F0-A8AE-588B64521483}.RelWithDebInfo|x64.ActiveCfg = Release|x64
		{645F8C13-2634-48F0-A8AE-588B64521483}.RelWithDebInfo|x64.Build.0 = Release|x64
		{645F8C13-2634-48F0-A8AE-588B64521483}.RelWithDebInfo|x86.ActiveCfg = Release|Win32
		{645F8C13-2634-48F0-A8AE-588B64521483}.RelWithDebInfo|x86.Build.0 = Release|Win32
		{9630FF47-A6CA-4BDB-8A38-C7D00B1C2AD7}.Debug|x64.ActiveCfg = Debug|x64
		{9630FF47-A6CA-4BDB-8A38-C7D00B1C2AD7}.Debug|x64.Build.0 = Debug|x64
		{9630FF47-A6CA-4BDB-8A38-C7D00B1C2AD7}.Debug|x86.ActiveCfg = Debug|Win32
		{9630FF47-A6CA-4BDB-8A38-C7D00B1C2AD7}.Debug|x86.Build.0 = Debug|Win32
		{9630FF47-A6CA-4BDB-8A38-C7D00B1C2AD7}.MinSizeRel|x64.ActiveCfg = Debug|x64
		{9630FF47-A6CA-4BDB-8A38-C7D00B1C2AD7}.MinSizeRel|x64.Build.0 = Debug|x64
		{9630FF47-A6CA-4BDB-8A38-C7D00B1C2AD7}.MinSizeRel|x86.ActiveCfg = Debug|Win32
		{9630FF47-A6CA-4BDB-8A38-C7D00B1C2AD7}.MinSizeRel|x86.Build.0 = Debug|Win32
		{9630FF47-A6CA-4BDB-8A38-C7D00B1C2AD7}.Release|x64.ActiveCfg = Release|x64
		{9630FF47-A6CA-4BDB-8A38-C7D00B1C2AD7}.Release|x64.Build.0 = Release|x64
		{9630FF47-A6CA-4BDB-8A38-C7D00B1C2AD7}.Release|x86.ActiveCfg = Release|Win32
		{9630FF47-A6CA-4BDB-8A38-C7D00B1C2AD7}.Release|x86.Build.0 = Release|Win32
		{9630FF47-A6CA-4BDB-8A38-C7D00B1C2AD7}.RelWithDebInfo|x64.ActiveCfg = Release|x64
		{9630FF47-A6CA-4BDB-8A38-C7D00B1C2AD7}.RelWithDebInfo|x64.Build.0 = Release|x64
		{9630FF47-A6CA-4BDB-8A38-C7D00B1C2AD7}.RelWithDebInfo|x86.ActiveCfg = Release|Win32
		{9630FF47-A6CA-4BDB-8A38-C7D00B1C2AD7}.RelWithDebInfo|x86.Build.0 = Release|Win32
	EndGlobalSection
	GlobalSection(SolutionProperties) = preSolution
		HideSolutionNode = FALSE
	EndGlobalSection
	GlobalSection(ExtensibilityGlobals) = postSolution
		SolutionGuid = {3BF5459F-2BF0-48CE-A6C8-0634F2C38C62}
	EndGlobalSection
EndGlobal
